// !$*UTF8*$!
{
	archiveVersion = 1;
	classes = {
	};
	objectVersion = 50;
	objects = {

/* Begin PBXBuildFile section */
		CD3B96F5268F90A700CEBB24 /* OtusWidgetExtensionApp.swift in Sources */ = {isa = PBXBuildFile; fileRef = CD3B96F4268F90A700CEBB24 /* OtusWidgetExtensionApp.swift */; };
		CD3B96F7268F90A700CEBB24 /* RootView.swift in Sources */ = {isa = PBXBuildFile; fileRef = CD3B96F6268F90A700CEBB24 /* RootView.swift */; };
		CD3B96F9268F90A800CEBB24 /* Assets.xcassets in Resources */ = {isa = PBXBuildFile; fileRef = CD3B96F8268F90A800CEBB24 /* Assets.xcassets */; };
		CD3B96FC268F90A800CEBB24 /* Preview Assets.xcassets in Resources */ = {isa = PBXBuildFile; fileRef = CD3B96FB268F90A800CEBB24 /* Preview Assets.xcassets */; };
		CD3B970A268F90B500CEBB24 /* WidgetKit.framework in Frameworks */ = {isa = PBXBuildFile; fileRef = CD3B9709268F90B500CEBB24 /* WidgetKit.framework */; };
		CD3B970C268F90B500CEBB24 /* SwiftUI.framework in Frameworks */ = {isa = PBXBuildFile; fileRef = CD3B970B268F90B500CEBB24 /* SwiftUI.framework */; };
		CD3B970F268F90B500CEBB24 /* AppWidget.swift in Sources */ = {isa = PBXBuildFile; fileRef = CD3B970E268F90B500CEBB24 /* AppWidget.swift */; };
		CD3B9711268F90B600CEBB24 /* Assets.xcassets in Resources */ = {isa = PBXBuildFile; fileRef = CD3B9710268F90B600CEBB24 /* Assets.xcassets */; };
		CD3B9715268F90B600CEBB24 /* AppWidgetExtension.appex in Embed App Extensions */ = {isa = PBXBuildFile; fileRef = CD3B9707268F90B500CEBB24 /* AppWidgetExtension.appex */; settings = {ATTRIBUTES = (RemoveHeadersOnCopy, ); }; };
		CD3B971C268FAA1B00CEBB24 /* BottomBar.swift in Sources */ = {isa = PBXBuildFile; fileRef = CD3B971B268FAA1B00CEBB24 /* BottomBar.swift */; };
		CD3B971F268FAA5900CEBB24 /* EnvironmentState.swift in Sources */ = {isa = PBXBuildFile; fileRef = CD3B971E268FAA5900CEBB24 /* EnvironmentState.swift */; };
		CD3B9722268FABBD00CEBB24 /* InputScreen.swift in Sources */ = {isa = PBXBuildFile; fileRef = CD3B9721268FABBD00CEBB24 /* InputScreen.swift */; };
		CD3B9726268FAC0000CEBB24 /* StatisticsScreen.swift in Sources */ = {isa = PBXBuildFile; fileRef = CD3B9725268FAC0000CEBB24 /* StatisticsScreen.swift */; };
/* End PBXBuildFile section */

/* Begin PBXContainerItemProxy section */
		CD3B9713268F90B600CEBB24 /* PBXContainerItemProxy */ = {
			isa = PBXContainerItemProxy;
			containerPortal = CD3B96E9268F90A700CEBB24 /* Project object */;
			proxyType = 1;
			remoteGlobalIDString = CD3B9706268F90B500CEBB24;
			remoteInfo = AppWidgetExtension;
		};
/* End PBXContainerItemProxy section */

/* Begin PBXCopyFilesBuildPhase section */
		CD3B9719268F90B600CEBB24 /* Embed App Extensions */ = {
			isa = PBXCopyFilesBuildPhase;
			buildActionMask = 2147483647;
			dstPath = "";
			dstSubfolderSpec = 13;
			files = (
				CD3B9715268F90B600CEBB24 /* AppWidgetExtension.appex in Embed App Extensions */,
			);
			name = "Embed App Extensions";
			runOnlyForDeploymentPostprocessing = 0;
		};
/* End PBXCopyFilesBuildPhase section */

/* Begin PBXFileReference section */
		CD3B96F1268F90A700CEBB24 /* OtusWidgetExtension.app */ = {isa = PBXFileReference; explicitFileType = wrapper.application; includeInIndex = 0; path = OtusWidgetExtension.app; sourceTree = BUILT_PRODUCTS_DIR; };
		CD3B96F4268F90A700CEBB24 /* OtusWidgetExtensionApp.swift */ = {isa = PBXFileReference; lastKnownFileType = sourcecode.swift; path = OtusWidgetExtensionApp.swift; sourceTree = "<group>"; };
		CD3B96F6268F90A700CEBB24 /* RootView.swift */ = {isa = PBXFileReference; lastKnownFileType = sourcecode.swift; path = RootView.swift; sourceTree = "<group>"; };
		CD3B96F8268F90A800CEBB24 /* Assets.xcassets */ = {isa = PBXFileReference; lastKnownFileType = folder.assetcatalog; path = Assets.xcassets; sourceTree = "<group>"; };
		CD3B96FB268F90A800CEBB24 /* Preview Assets.xcassets */ = {isa = PBXFileReference; lastKnownFileType = folder.assetcatalog; path = "Preview Assets.xcassets"; sourceTree = "<group>"; };
		CD3B96FD268F90A800CEBB24 /* Info.plist */ = {isa = PBXFileReference; lastKnownFileType = text.plist.xml; path = Info.plist; sourceTree = "<group>"; };
		CD3B9707268F90B500CEBB24 /* AppWidgetExtension.appex */ = {isa = PBXFileReference; explicitFileType = "wrapper.app-extension"; includeInIndex = 0; path = AppWidgetExtension.appex; sourceTree = BUILT_PRODUCTS_DIR; };
		CD3B9709268F90B500CEBB24 /* WidgetKit.framework */ = {isa = PBXFileReference; lastKnownFileType = wrapper.framework; name = WidgetKit.framework; path = System/Library/Frameworks/WidgetKit.framework; sourceTree = SDKROOT; };
		CD3B970B268F90B500CEBB24 /* SwiftUI.framework */ = {isa = PBXFileReference; lastKnownFileType = wrapper.framework; name = SwiftUI.framework; path = System/Library/Frameworks/SwiftUI.framework; sourceTree = SDKROOT; };
		CD3B970E268F90B500CEBB24 /* AppWidget.swift */ = {isa = PBXFileReference; lastKnownFileType = sourcecode.swift; path = AppWidget.swift; sourceTree = "<group>"; };
		CD3B9710268F90B600CEBB24 /* Assets.xcassets */ = {isa = PBXFileReference; lastKnownFileType = folder.assetcatalog; path = Assets.xcassets; sourceTree = "<group>"; };
		CD3B9712268F90B600CEBB24 /* Info.plist */ = {isa = PBXFileReference; lastKnownFileType = text.plist.xml; path = Info.plist; sourceTree = "<group>"; };
		CD3B971B268FAA1B00CEBB24 /* BottomBar.swift */ = {isa = PBXFileReference; lastKnownFileType = sourcecode.swift; path = BottomBar.swift; sourceTree = "<group>"; };
		CD3B971E268FAA5900CEBB24 /* EnvironmentState.swift */ = {isa = PBXFileReference; lastKnownFileType = sourcecode.swift; path = EnvironmentState.swift; sourceTree = "<group>"; };
		CD3B9721268FABBD00CEBB24 /* InputScreen.swift */ = {isa = PBXFileReference; lastKnownFileType = sourcecode.swift; path = InputScreen.swift; sourceTree = "<group>"; };
		CD3B9725268FAC0000CEBB24 /* StatisticsScreen.swift */ = {isa = PBXFileReference; lastKnownFileType = sourcecode.swift; path = StatisticsScreen.swift; sourceTree = "<group>"; };
/* End PBXFileReference section */

/* Begin PBXFrameworksBuildPhase section */
		CD3B96EE268F90A700CEBB24 /* Frameworks */ = {
			isa = PBXFrameworksBuildPhase;
			buildActionMask = 2147483647;
			files = (
			);
			runOnlyForDeploymentPostprocessing = 0;
		};
		CD3B9704268F90B500CEBB24 /* Frameworks */ = {
			isa = PBXFrameworksBuildPhase;
			buildActionMask = 2147483647;
			files = (
				CD3B970C268F90B500CEBB24 /* SwiftUI.framework in Frameworks */,
				CD3B970A268F90B500CEBB24 /* WidgetKit.framework in Frameworks */,
			);
			runOnlyForDeploymentPostprocessing = 0;
		};
/* End PBXFrameworksBuildPhase section */

/* Begin PBXGroup section */
		CD3B96E8268F90A700CEBB24 = {
			isa = PBXGroup;
			children = (
				CD3B96F3268F90A700CEBB24 /* OtusWidgetExtension */,
				CD3B970D268F90B500CEBB24 /* AppWidget */,
				CD3B9708268F90B500CEBB24 /* Frameworks */,
				CD3B96F2268F90A700CEBB24 /* Products */,
			);
			sourceTree = "<group>";
		};
		CD3B96F2268F90A700CEBB24 /* Products */ = {
			isa = PBXGroup;
			children = (
				CD3B96F1268F90A700CEBB24 /* OtusWidgetExtension.app */,
				CD3B9707268F90B500CEBB24 /* AppWidgetExtension.appex */,
			);
			name = Products;
			sourceTree = "<group>";
		};
		CD3B96F3268F90A700CEBB24 /* OtusWidgetExtension */ = {
			isa = PBXGroup;
			children = (
				CD3B971A268FAA0E00CEBB24 /* Root */,
				CD3B9720268FABAD00CEBB24 /* Features */,
				CD3B96F4268F90A700CEBB24 /* OtusWidgetExtensionApp.swift */,
				CD3B96F6268F90A700CEBB24 /* RootView.swift */,
				CD3B96F8268F90A800CEBB24 /* Assets.xcassets */,
				CD3B96FD268F90A800CEBB24 /* Info.plist */,
				CD3B96FA268F90A800CEBB24 /* Preview Content */,
			);
			path = OtusWidgetExtension;
			sourceTree = "<group>";
		};
		CD3B96FA268F90A800CEBB24 /* Preview Content */ = {
			isa = PBXGroup;
			children = (
				CD3B96FB268F90A800CEBB24 /* Preview Assets.xcassets */,
			);
			path = "Preview Content";
			sourceTree = "<group>";
		};
		CD3B9708268F90B500CEBB24 /* Frameworks */ = {
			isa = PBXGroup;
			children = (
				CD3B9709268F90B500CEBB24 /* WidgetKit.framework */,
				CD3B970B268F90B500CEBB24 /* SwiftUI.framework */,
			);
			name = Frameworks;
			sourceTree = "<group>";
		};
		CD3B970D268F90B500CEBB24 /* AppWidget */ = {
			isa = PBXGroup;
			children = (
				CD3B970E268F90B500CEBB24 /* AppWidget.swift */,
				CD3B9710268F90B600CEBB24 /* Assets.xcassets */,
				CD3B9712268F90B600CEBB24 /* Info.plist */,
			);
			path = AppWidget;
			sourceTree = "<group>";
		};
		CD3B971A268FAA0E00CEBB24 /* Root */ = {
			isa = PBXGroup;
			children = (
				CD3B971B268FAA1B00CEBB24 /* BottomBar.swift */,
				CD3B971E268FAA5900CEBB24 /* EnvironmentState.swift */,
			);
			path = Root;
			sourceTree = "<group>";
		};
		CD3B9720268FABAD00CEBB24 /* Features */ = {
			isa = PBXGroup;
			children = (
				CD3B9723268FABEB00CEBB24 /* Input */,
				CD3B9724268FABF000CEBB24 /* Statistics */,
			);
			path = Features;
			sourceTree = "<group>";
		};
		CD3B9723268FABEB00CEBB24 /* Input */ = {
			isa = PBXGroup;
			children = (
				CD3B9721268FABBD00CEBB24 /* InputScreen.swift */,
			);
			path = Input;
			sourceTree = "<group>";
		};
		CD3B9724268FABF000CEBB24 /* Statistics */ = {
			isa = PBXGroup;
			children = (
				CD3B9725268FAC0000CEBB24 /* StatisticsScreen.swift */,
			);
			path = Statistics;
			sourceTree = "<group>";
		};
/* End PBXGroup section */

/* Begin PBXNativeTarget section */
		CD3B96F0268F90A700CEBB24 /* OtusWidgetExtension */ = {
			isa = PBXNativeTarget;
			buildConfigurationList = CD3B9700268F90A800CEBB24 /* Build configuration list for PBXNativeTarget "OtusWidgetExtension" */;
			buildPhases = (
				CD3B96ED268F90A700CEBB24 /* Sources */,
				CD3B96EE268F90A700CEBB24 /* Frameworks */,
				CD3B96EF268F90A700CEBB24 /* Resources */,
				CD3B9719268F90B600CEBB24 /* Embed App Extensions */,
			);
			buildRules = (
			);
			dependencies = (
				CD3B9714268F90B600CEBB24 /* PBXTargetDependency */,
			);
			name = OtusWidgetExtension;
			productName = OtusWidgetExtension;
			productReference = CD3B96F1268F90A700CEBB24 /* OtusWidgetExtension.app */;
			productType = "com.apple.product-type.application";
		};
		CD3B9706268F90B500CEBB24 /* AppWidgetExtension */ = {
			isa = PBXNativeTarget;
			buildConfigurationList = CD3B9716268F90B600CEBB24 /* Build configuration list for PBXNativeTarget "AppWidgetExtension" */;
			buildPhases = (
				CD3B9703268F90B500CEBB24 /* Sources */,
				CD3B9704268F90B500CEBB24 /* Frameworks */,
				CD3B9705268F90B500CEBB24 /* Resources */,
			);
			buildRules = (
			);
			dependencies = (
			);
			name = AppWidgetExtension;
			productName = AppWidgetExtension;
			productReference = CD3B9707268F90B500CEBB24 /* AppWidgetExtension.appex */;
			productType = "com.apple.product-type.app-extension";
		};
/* End PBXNativeTarget section */

/* Begin PBXProject section */
		CD3B96E9268F90A700CEBB24 /* Project object */ = {
			isa = PBXProject;
			attributes = {
				LastSwiftUpdateCheck = 1250;
				LastUpgradeCheck = 1250;
				TargetAttributes = {
					CD3B96F0268F90A700CEBB24 = {
						CreatedOnToolsVersion = 12.5.1;
					};
					CD3B9706268F90B500CEBB24 = {
						CreatedOnToolsVersion = 12.5.1;
					};
				};
			};
			buildConfigurationList = CD3B96EC268F90A700CEBB24 /* Build configuration list for PBXProject "OtusWidgetExtension" */;
			compatibilityVersion = "Xcode 9.3";
			developmentRegion = en;
			hasScannedForEncodings = 0;
			knownRegions = (
				en,
				Base,
			);
			mainGroup = CD3B96E8268F90A700CEBB24;
			productRefGroup = CD3B96F2268F90A700CEBB24 /* Products */;
			projectDirPath = "";
			projectRoot = "";
			targets = (
				CD3B96F0268F90A700CEBB24 /* OtusWidgetExtension */,
				CD3B9706268F90B500CEBB24 /* AppWidgetExtension */,
			);
		};
/* End PBXProject section */

/* Begin PBXResourcesBuildPhase section */
		CD3B96EF268F90A700CEBB24 /* Resources */ = {
			isa = PBXResourcesBuildPhase;
			buildActionMask = 2147483647;
			files = (
				CD3B96FC268F90A800CEBB24 /* Preview Assets.xcassets in Resources */,
				CD3B96F9268F90A800CEBB24 /* Assets.xcassets in Resources */,
			);
			runOnlyForDeploymentPostprocessing = 0;
		};
		CD3B9705268F90B500CEBB24 /* Resources */ = {
			isa = PBXResourcesBuildPhase;
			buildActionMask = 2147483647;
			files = (
				CD3B9711268F90B600CEBB24 /* Assets.xcassets in Resources */,
			);
			runOnlyForDeploymentPostprocessing = 0;
		};
/* End PBXResourcesBuildPhase section */

/* Begin PBXSourcesBuildPhase section */
		CD3B96ED268F90A700CEBB24 /* Sources */ = {
			isa = PBXSourcesBuildPhase;
			buildActionMask = 2147483647;
			files = (
				CD3B9722268FABBD00CEBB24 /* InputScreen.swift in Sources */,
				CD3B96F7268F90A700CEBB24 /* RootView.swift in Sources */,
				CD3B9726268FAC0000CEBB24 /* StatisticsScreen.swift in Sources */,
				CD3B96F5268F90A700CEBB24 /* OtusWidgetExtensionApp.swift in Sources */,
				CD3B971C268FAA1B00CEBB24 /* BottomBar.swift in Sources */,
				CD3B971F268FAA5900CEBB24 /* EnvironmentState.swift in Sources */,
			);
			runOnlyForDeploymentPostprocessing = 0;
		};
		CD3B9703268F90B500CEBB24 /* Sources */ = {
			isa = PBXSourcesBuildPhase;
			buildActionMask = 2147483647;
			files = (
				CD3B970F268F90B500CEBB24 /* AppWidget.swift in Sources */,
			);
			runOnlyForDeploymentPostprocessing = 0;
		};
/* End PBXSourcesBuildPhase section */

/* Begin PBXTargetDependency section */
		CD3B9714268F90B600CEBB24 /* PBXTargetDependency */ = {
			isa = PBXTargetDependency;
			target = CD3B9706268F90B500CEBB24 /* AppWidgetExtension */;
			targetProxy = CD3B9713268F90B600CEBB24 /* PBXContainerItemProxy */;
		};
/* End PBXTargetDependency section */

/* Begin XCBuildConfiguration section */
		CD3B96FE268F90A800CEBB24 /* Debug */ = {
			isa = XCBuildConfiguration;
			buildSettings = {
				ALWAYS_SEARCH_USER_PATHS = NO;
				CLANG_ANALYZER_NONNULL = YES;
				CLANG_ANALYZER_NUMBER_OBJECT_CONVERSION = YES_AGGRESSIVE;
				CLANG_CXX_LANGUAGE_STANDARD = "gnu++14";
				CLANG_CXX_LIBRARY = "libc++";
				CLANG_ENABLE_MODULES = YES;
				CLANG_ENABLE_OBJC_ARC = YES;
				CLANG_ENABLE_OBJC_WEAK = YES;
				CLANG_WARN_BLOCK_CAPTURE_AUTORELEASING = YES;
				CLANG_WARN_BOOL_CONVERSION = YES;
				CLANG_WARN_COMMA = YES;
				CLANG_WARN_CONSTANT_CONVERSION = YES;
				CLANG_WARN_DEPRECATED_OBJC_IMPLEMENTATIONS = YES;
				CLANG_WARN_DIRECT_OBJC_ISA_USAGE = YES_ERROR;
				CLANG_WARN_DOCUMENTATION_COMMENTS = YES;
				CLANG_WARN_EMPTY_BODY = YES;
				CLANG_WARN_ENUM_CONVERSION = YES;
				CLANG_WARN_INFINITE_RECURSION = YES;
				CLANG_WARN_INT_CONVERSION = YES;
				CLANG_WARN_NON_LITERAL_NULL_CONVERSION = YES;
				CLANG_WARN_OBJC_IMPLICIT_RETAIN_SELF = YES;
				CLANG_WARN_OBJC_LITERAL_CONVERSION = YES;
				CLANG_WARN_OBJC_ROOT_CLASS = YES_ERROR;
				CLANG_WARN_QUOTED_INCLUDE_IN_FRAMEWORK_HEADER = YES;
				CLANG_WARN_RANGE_LOOP_ANALYSIS = YES;
				CLANG_WARN_STRICT_PROTOTYPES = YES;
				CLANG_WARN_SUSPICIOUS_MOVE = YES;
				CLANG_WARN_UNGUARDED_AVAILABILITY = YES_AGGRESSIVE;
				CLANG_WARN_UNREACHABLE_CODE = YES;
				CLANG_WARN__DUPLICATE_METHOD_MATCH = YES;
				COPY_PHASE_STRIP = NO;
				DEBUG_INFORMATION_FORMAT = dwarf;
				ENABLE_STRICT_OBJC_MSGSEND = YES;
				ENABLE_TESTABILITY = YES;
				GCC_C_LANGUAGE_STANDARD = gnu11;
				GCC_DYNAMIC_NO_PIC = NO;
				GCC_NO_COMMON_BLOCKS = YES;
				GCC_OPTIMIZATION_LEVEL = 0;
				GCC_PREPROCESSOR_DEFINITIONS = (
					"DEBUG=1",
					"$(inherited)",
				);
				GCC_WARN_64_TO_32_BIT_CONVERSION = YES;
				GCC_WARN_ABOUT_RETURN_TYPE = YES_ERROR;
				GCC_WARN_UNDECLARED_SELECTOR = YES;
				GCC_WARN_UNINITIALIZED_AUTOS = YES_AGGRESSIVE;
				GCC_WARN_UNUSED_FUNCTION = YES;
				GCC_WARN_UNUSED_VARIABLE = YES;
				IPHONEOS_DEPLOYMENT_TARGET = 14.5;
				MTL_ENABLE_DEBUG_INFO = INCLUDE_SOURCE;
				MTL_FAST_MATH = YES;
				ONLY_ACTIVE_ARCH = YES;
				SDKROOT = iphoneos;
				SWIFT_ACTIVE_COMPILATION_CONDITIONS = DEBUG;
				SWIFT_OPTIMIZATION_LEVEL = "-Onone";
			};
			name = Debug;
		};
		CD3B96FF268F90A800CEBB24 /* Release */ = {
			isa = XCBuildConfiguration;
			buildSettings = {
				ALWAYS_SEARCH_USER_PATHS = NO;
				CLANG_ANALYZER_NONNULL = YES;
				CLANG_ANALYZER_NUMBER_OBJECT_CONVERSION = YES_AGGRESSIVE;
				CLANG_CXX_LANGUAGE_STANDARD = "gnu++14";
				CLANG_CXX_LIBRARY = "libc++";
				CLANG_ENABLE_MODULES = YES;
				CLANG_ENABLE_OBJC_ARC = YES;
				CLANG_ENABLE_OBJC_WEAK = YES;
				CLANG_WARN_BLOCK_CAPTURE_AUTORELEASING = YES;
				CLANG_WARN_BOOL_CONVERSION = YES;
				CLANG_WARN_COMMA = YES;
				CLANG_WARN_CONSTANT_CONVERSION = YES;
				CLANG_WARN_DEPRECATED_OBJC_IMPLEMENTATIONS = YES;
				CLANG_WARN_DIRECT_OBJC_ISA_USAGE = YES_ERROR;
				CLANG_WARN_DOCUMENTATION_COMMENTS = YES;
				CLANG_WARN_EMPTY_BODY = YES;
				CLANG_WARN_ENUM_CONVERSION = YES;
				CLANG_WARN_INFINITE_RECURSION = YES;
				CLANG_WARN_INT_CONVERSION = YES;
				CLANG_WARN_NON_LITERAL_NULL_CONVERSION = YES;
				CLANG_WARN_OBJC_IMPLICIT_RETAIN_SELF = YES;
				CLANG_WARN_OBJC_LITERAL_CONVERSION = YES;
				CLANG_WARN_OBJC_ROOT_CLASS = YES_ERROR;
				CLANG_WARN_QUOTED_INCLUDE_IN_FRAMEWORK_HEADER = YES;
				CLANG_WARN_RANGE_LOOP_ANALYSIS = YES;
				CLANG_WARN_STRICT_PROTOTYPES = YES;
				CLANG_WARN_SUSPICIOUS_MOVE = YES;
				CLANG_WARN_UNGUARDED_AVAILABILITY = YES_AGGRESSIVE;
				CLANG_WARN_UNREACHABLE_CODE = YES;
				CLANG_WARN__DUPLICATE_METHOD_MATCH = YES;
				COPY_PHASE_STRIP = NO;
				DEBUG_INFORMATION_FORMAT = "dwarf-with-dsym";
				ENABLE_NS_ASSERTIONS = NO;
				ENABLE_STRICT_OBJC_MSGSEND = YES;
				GCC_C_LANGUAGE_STANDARD = gnu11;
				GCC_NO_COMMON_BLOCKS = YES;
				GCC_WARN_64_TO_32_BIT_CONVERSION = YES;
				GCC_WARN_ABOUT_RETURN_TYPE = YES_ERROR;
				GCC_WARN_UNDECLARED_SELECTOR = YES;
				GCC_WARN_UNINITIALIZED_AUTOS = YES_AGGRESSIVE;
				GCC_WARN_UNUSED_FUNCTION = YES;
				GCC_WARN_UNUSED_VARIABLE = YES;
				IPHONEOS_DEPLOYMENT_TARGET = 14.5;
				MTL_ENABLE_DEBUG_INFO = NO;
				MTL_FAST_MATH = YES;
				SDKROOT = iphoneos;
				SWIFT_COMPILATION_MODE = wholemodule;
				SWIFT_OPTIMIZATION_LEVEL = "-O";
				VALIDATE_PRODUCT = YES;
			};
			name = Release;
		};
		CD3B9701268F90A800CEBB24 /* Debug */ = {
			isa = XCBuildConfiguration;
			buildSettings = {
				ALWAYS_EMBED_SWIFT_STANDARD_LIBRARIES = YES;
				ASSETCATALOG_COMPILER_APPICON_NAME = AppIcon;
				ASSETCATALOG_COMPILER_GLOBAL_ACCENT_COLOR_NAME = AccentColor;
				CODE_SIGN_STYLE = Automatic;
				DEVELOPMENT_ASSET_PATHS = "\"OtusWidgetExtension/Preview Content\"";
				DEVELOPMENT_TEAM = KXSN68HT9L;
				ENABLE_PREVIEWS = YES;
				INFOPLIST_FILE = OtusWidgetExtension/Info.plist;
				IPHONEOS_DEPLOYMENT_TARGET = 14.0;
				LD_RUNPATH_SEARCH_PATHS = (
					"$(inherited)",
					"@executable_path/Frameworks",
				);
				PRODUCT_BUNDLE_IDENTIFIER = yozi.ent.OtusWidgetExtension;
				PRODUCT_NAME = "$(TARGET_NAME)";
				SWIFT_VERSION = 5.0;
				TARGETED_DEVICE_FAMILY = "1,2";
			};
			name = Debug;
		};
		CD3B9702268F90A800CEBB24 /* Release */ = {
			isa = XCBuildConfiguration;
			buildSettings = {
				ALWAYS_EMBED_SWIFT_STANDARD_LIBRARIES = YES;
				ASSETCATALOG_COMPILER_APPICON_NAME = AppIcon;
				ASSETCATALOG_COMPILER_GLOBAL_ACCENT_COLOR_NAME = AccentColor;
				CODE_SIGN_STYLE = Automatic;
				DEVELOPMENT_ASSET_PATHS = "\"OtusWidgetExtension/Preview Content\"";
				DEVELOPMENT_TEAM = KXSN68HT9L;
				ENABLE_PREVIEWS = YES;
				INFOPLIST_FILE = OtusWidgetExtension/Info.plist;
				IPHONEOS_DEPLOYMENT_TARGET = 14.0;
				LD_RUNPATH_SEARCH_PATHS = (
					"$(inherited)",
					"@executable_path/Frameworks",
				);
				PRODUCT_BUNDLE_IDENTIFIER = yozi.ent.OtusWidgetExtension;
				PRODUCT_NAME = "$(TARGET_NAME)";
				SWIFT_VERSION = 5.0;
				TARGETED_DEVICE_FAMILY = "1,2";
			};
			name = Release;
		};
		CD3B9717268F90B600CEBB24 /* Debug */ = {
			isa = XCBuildConfiguration;
			buildSettings = {
				ASSETCATALOG_COMPILER_GLOBAL_ACCENT_COLOR_NAME = AccentColor;
				ASSETCATALOG_COMPILER_WIDGET_BACKGROUND_COLOR_NAME = WidgetBackground;
				CODE_SIGN_STYLE = Automatic;
				DEVELOPMENT_TEAM = KXSN68HT9L;
				INFOPLIST_FILE = AppWidget/Info.plist;
				LD_RUNPATH_SEARCH_PATHS = (
					"$(inherited)",
					"@executable_path/Frameworks",
					"@executable_path/../../Frameworks",
				);
				PRODUCT_BUNDLE_IDENTIFIER = yozi.ent.OtusWidgetExtension.AppWidget;
				PRODUCT_NAME = "$(TARGET_NAME)";
				SKIP_INSTALL = YES;
				SWIFT_VERSION = 5.0;
				TARGETED_DEVICE_FAMILY = "1,2";
			};
			name = Debug;
		};
		CD3B9718268F90B600CEBB24 /* Release */ = {
			isa = XCBuildConfiguration;
			buildSettings = {
				ASSETCATALOG_COMPILER_GLOBAL_ACCENT_COLOR_NAME = AccentColor;
				ASSETCATALOG_COMPILER_WIDGET_BACKGROUND_COLOR_NAME = WidgetBackground;
				CODE_SIGN_STYLE = Automatic;
				DEVELOPMENT_TEAM = KXSN68HT9L;
				INFOPLIST_FILE = AppWidget/Info.plist;
				LD_RUNPATH_SEARCH_PATHS = (
					"$(inherited)",
					"@executable_path/Frameworks",
					"@executable_path/../../Frameworks",
				);
				PRODUCT_BUNDLE_IDENTIFIER = yozi.ent.OtusWidgetExtension.AppWidget;
				PRODUCT_NAME = "$(TARGET_NAME)";
				SKIP_INSTALL = YES;
				SWIFT_VERSION = 5.0;
				TARGETED_DEVICE_FAMILY = "1,2";
			};
			name = Release;
		};
/* End XCBuildConfiguration section */

/* Begin XCConfigurationList section */
		CD3B96EC268F90A700CEBB24 /* Build configuration list for PBXProject "OtusWidgetExtension" */ = {
			isa = XCConfigurationList;
			buildConfigurations = (
				CD3B96FE268F90A800CEBB24 /* Debug */,
				CD3B96FF268F90A800CEBB24 /* Release */,
			);
			defaultConfigurationIsVisible = 0;
			defaultConfigurationName = Release;
		};
		CD3B9700268F90A800CEBB24 /* Build configuration list for PBXNativeTarget "OtusWidgetExtension" */ = {
			isa = XCConfigurationList;
			buildConfigurations = (
				CD3B9701268F90A800CEBB24 /* Debug */,
				CD3B9702268F90A800CEBB24 /* Release */,
			);
			defaultConfigurationIsVisible = 0;
			defaultConfigurationName = Release;
		};
		CD3B9716268F90B600CEBB24 /* Build configuration list for PBXNativeTarget "AppWidgetExtension" */ = {
			isa = XCConfigurationList;
			buildConfigurations = (
				CD3B9717268F90B600CEBB24 /* Debug */,
				CD3B9718268F90B600CEBB24 /* Release */,
			);
			defaultConfigurationIsVisible = 0;
			defaultConfigurationName = Release;
		};
/* End XCConfigurationList section */
	};
	rootObject = CD3B96E9268F90A700CEBB24 /* Project object */;
}
